// !$*UTF8*$!
{
	archiveVersion = 1;
	classes = {
	};
	objectVersion = 56;
	objects = {

/* Begin PBXBuildFile section */
		4268E05E2A13E82700FB403C /* AngelView.swift in Sources */ = {isa = PBXBuildFile; fileRef = 4268E05D2A13E82700FB403C /* AngelView.swift */; };
		4268E0602A153D8200FB403C /* TextViews.swift in Sources */ = {isa = PBXBuildFile; fileRef = 4268E05F2A153D8200FB403C /* TextViews.swift */; };
		4268E0622A153DAA00FB403C /* NavBarView.swift in Sources */ = {isa = PBXBuildFile; fileRef = 4268E0612A153DAA00FB403C /* NavBarView.swift */; };
		4AB4BFCF2A13CDF60090863D /* WeatherAppInternsApp.swift in Sources */ = {isa = PBXBuildFile; fileRef = 4AB4BFCE2A13CDF60090863D /* WeatherAppInternsApp.swift */; };
		4AB4BFD12A13CDF60090863D /* ContentView.swift in Sources */ = {isa = PBXBuildFile; fileRef = 4AB4BFD02A13CDF60090863D /* ContentView.swift */; };
		4AB4BFD32A13CDF70090863D /* Assets.xcassets in Resources */ = {isa = PBXBuildFile; fileRef = 4AB4BFD22A13CDF70090863D /* Assets.xcassets */; };
		4AB4BFD62A13CDF70090863D /* Preview Assets.xcassets in Resources */ = {isa = PBXBuildFile; fileRef = 4AB4BFD52A13CDF70090863D /* Preview Assets.xcassets */; };
		4AC2F3CC2A13E4420001130A /* MoisesView.swift in Sources */ = {isa = PBXBuildFile; fileRef = 4AC2F3CB2A13E4420001130A /* MoisesView.swift */; };
		4AC2F3D22A1401B60001130A /* WelcomeView.swift in Sources */ = {isa = PBXBuildFile; fileRef = 4AC2F3D12A1401B60001130A /* WelcomeView.swift */; };
		4AC2F3D62A1405F40001130A /* DeviceLocationService.swift in Sources */ = {isa = PBXBuildFile; fileRef = 4AC2F3D52A1405F40001130A /* DeviceLocationService.swift */; };
		4AEE291C2A15C03000C37B31 /* ApiService.swift in Sources */ = {isa = PBXBuildFile; fileRef = 4AEE291B2A15C03000C37B31 /* ApiService.swift */; };
		4AEE291E2A15C05000C37B31 /* Forecast.swift in Sources */ = {isa = PBXBuildFile; fileRef = 4AEE291D2A15C05000C37B31 /* Forecast.swift */; };
		4AEE29202A15C06B00C37B31 /* DataView.swift in Sources */ = {isa = PBXBuildFile; fileRef = 4AEE291F2A15C06B00C37B31 /* DataView.swift */; };
		710DB3C72A13E5C200188990 /* UlisesView.swift in Sources */ = {isa = PBXBuildFile; fileRef = 710DB3C62A13E5C200188990 /* UlisesView.swift */; };
		71B49EAB2A154539003F614D /* WeatherService.swift in Sources */ = {isa = PBXBuildFile; fileRef = 71B49EAA2A154539003F614D /* WeatherService.swift */; };
		71B49EAD2A154787003F614D /* Weather .swift in Sources */ = {isa = PBXBuildFile; fileRef = 71B49EAC2A154787003F614D /* Weather .swift */; };
		71B49EB12A1558B6003F614D /* WeatherViewModel.swift in Sources */ = {isa = PBXBuildFile; fileRef = 71B49EB02A1558B6003F614D /* WeatherViewModel.swift */; };
		71B49EB32A155D52003F614D /* Weather APPP.swift in Sources */ = {isa = PBXBuildFile; fileRef = 71B49EB22A155D52003F614D /* Weather APPP.swift */; };
		E63D67722A13E32000DD8852 /* GerardoView.swift in Sources */ = {isa = PBXBuildFile; fileRef = E63D67712A13E32000DD8852 /* GerardoView.swift */; };
/* End PBXBuildFile section */

/* Begin PBXFileReference section */
		4268E05D2A13E82700FB403C /* AngelView.swift */ = {isa = PBXFileReference; lastKnownFileType = sourcecode.swift; path = AngelView.swift; sourceTree = "<group>"; };
		4268E05F2A153D8200FB403C /* TextViews.swift */ = {isa = PBXFileReference; lastKnownFileType = sourcecode.swift; path = TextViews.swift; sourceTree = "<group>"; };
		4268E0612A153DAA00FB403C /* NavBarView.swift */ = {isa = PBXFileReference; lastKnownFileType = sourcecode.swift; path = NavBarView.swift; sourceTree = "<group>"; };
		4AB4BFCB2A13CDF60090863D /* WeatherAppInterns.app */ = {isa = PBXFileReference; explicitFileType = wrapper.application; includeInIndex = 0; path = WeatherAppInterns.app; sourceTree = BUILT_PRODUCTS_DIR; };
		4AB4BFCE2A13CDF60090863D /* WeatherAppInternsApp.swift */ = {isa = PBXFileReference; lastKnownFileType = sourcecode.swift; path = WeatherAppInternsApp.swift; sourceTree = "<group>"; };
		4AB4BFD02A13CDF60090863D /* ContentView.swift */ = {isa = PBXFileReference; lastKnownFileType = sourcecode.swift; path = ContentView.swift; sourceTree = "<group>"; };
		4AB4BFD22A13CDF70090863D /* Assets.xcassets */ = {isa = PBXFileReference; lastKnownFileType = folder.assetcatalog; path = Assets.xcassets; sourceTree = "<group>"; };
		4AB4BFD52A13CDF70090863D /* Preview Assets.xcassets */ = {isa = PBXFileReference; lastKnownFileType = folder.assetcatalog; path = "Preview Assets.xcassets"; sourceTree = "<group>"; };
		4AC2F3CB2A13E4420001130A /* MoisesView.swift */ = {isa = PBXFileReference; lastKnownFileType = sourcecode.swift; path = MoisesView.swift; sourceTree = "<group>"; };
		4AC2F3D12A1401B60001130A /* WelcomeView.swift */ = {isa = PBXFileReference; lastKnownFileType = sourcecode.swift; path = WelcomeView.swift; sourceTree = "<group>"; };
		4AC2F3D52A1405F40001130A /* DeviceLocationService.swift */ = {isa = PBXFileReference; lastKnownFileType = sourcecode.swift; path = DeviceLocationService.swift; sourceTree = "<group>"; };
		4AEE291B2A15C03000C37B31 /* ApiService.swift */ = {isa = PBXFileReference; lastKnownFileType = sourcecode.swift; path = ApiService.swift; sourceTree = "<group>"; };
		4AEE291D2A15C05000C37B31 /* Forecast.swift */ = {isa = PBXFileReference; lastKnownFileType = sourcecode.swift; path = Forecast.swift; sourceTree = "<group>"; };
		4AEE291F2A15C06B00C37B31 /* DataView.swift */ = {isa = PBXFileReference; lastKnownFileType = sourcecode.swift; path = DataView.swift; sourceTree = "<group>"; };
		710DB3C62A13E5C200188990 /* UlisesView.swift */ = {isa = PBXFileReference; lastKnownFileType = sourcecode.swift; path = UlisesView.swift; sourceTree = "<group>"; };
		71B49EAA2A154539003F614D /* WeatherService.swift */ = {isa = PBXFileReference; lastKnownFileType = sourcecode.swift; path = WeatherService.swift; sourceTree = "<group>"; };
		71B49EAC2A154787003F614D /* Weather .swift */ = {isa = PBXFileReference; lastKnownFileType = sourcecode.swift; path = "Weather .swift"; sourceTree = "<group>"; };
		71B49EAF2A155001003F614D /* Info.plist */ = {isa = PBXFileReference; lastKnownFileType = text.plist; path = Info.plist; sourceTree = "<group>"; };
		71B49EB02A1558B6003F614D /* WeatherViewModel.swift */ = {isa = PBXFileReference; lastKnownFileType = sourcecode.swift; path = WeatherViewModel.swift; sourceTree = "<group>"; };
		71B49EB22A155D52003F614D /* Weather APPP.swift */ = {isa = PBXFileReference; lastKnownFileType = sourcecode.swift; path = "Weather APPP.swift"; sourceTree = "<group>"; };
		E63D67712A13E32000DD8852 /* GerardoView.swift */ = {isa = PBXFileReference; lastKnownFileType = sourcecode.swift; path = GerardoView.swift; sourceTree = "<group>"; };
/* End PBXFileReference section */

/* Begin PBXFrameworksBuildPhase section */
		4AB4BFC82A13CDF60090863D /* Frameworks */ = {
			isa = PBXFrameworksBuildPhase;
			buildActionMask = 2147483647;
			files = (
			);
			runOnlyForDeploymentPostprocessing = 0;
		};
/* End PBXFrameworksBuildPhase section */

/* Begin PBXGroup section */
		4AB4BFC22A13CDF60090863D = {
			isa = PBXGroup;
			children = (
				4AB4BFCD2A13CDF60090863D /* WeatherAppInterns */,
				4AB4BFCC2A13CDF60090863D /* Products */,
			);
			sourceTree = "<group>";
		};
		4AB4BFCC2A13CDF60090863D /* Products */ = {
			isa = PBXGroup;
			children = (
				4AB4BFCB2A13CDF60090863D /* WeatherAppInterns.app */,
			);
			name = Products;
			sourceTree = "<group>";
		};
		4AB4BFCD2A13CDF60090863D /* WeatherAppInterns */ = {
			isa = PBXGroup;
			children = (
				71B49EAF2A155001003F614D /* Info.plist */,
				4AC2F3D02A1401570001130A /* Views */,
				4AC2F3CD2A13FEB50001130A /* Managers */,
				4AB4BFCE2A13CDF60090863D /* WeatherAppInternsApp.swift */,
				4268E05D2A13E82700FB403C /* AngelView.swift */,
				E63D67712A13E32000DD8852 /* GerardoView.swift */,
				4AB4BFD22A13CDF70090863D /* Assets.xcassets */,
				4AB4BFD42A13CDF70090863D /* Preview Content */,
			);
			path = WeatherAppInterns;
			sourceTree = "<group>";
		};
		4AB4BFD42A13CDF70090863D /* Preview Content */ = {
			isa = PBXGroup;
			children = (
				4AB4BFD52A13CDF70090863D /* Preview Assets.xcassets */,
			);
			path = "Preview Content";
			sourceTree = "<group>";
		};
		4AC2F3CD2A13FEB50001130A /* Managers */ = {
			isa = PBXGroup;
			children = (
				4AC2F3D52A1405F40001130A /* DeviceLocationService.swift */,
			);
			path = Managers;
			sourceTree = "<group>";
		};
		4AC2F3D02A1401570001130A /* Views */ = {
			isa = PBXGroup;
			children = (
				4AEE291A2A15C00900C37B31 /* ApiTestMoises */,
				4AB4BFD02A13CDF60090863D /* ContentView.swift */,
				4AC2F3CB2A13E4420001130A /* MoisesView.swift */,
				4AC2F3D12A1401B60001130A /* WelcomeView.swift */,
				4268E05F2A153D8200FB403C /* TextViews.swift */,
				4268E0612A153DAA00FB403C /* NavBarView.swift */,
				71B49EAE2A15478E003F614D /* IPA test uli  */,
			);
			path = Views;
			sourceTree = "<group>";
		};
		4AEE291A2A15C00900C37B31 /* ApiTestMoises */ = {
			isa = PBXGroup;
			children = (
				4AEE291B2A15C03000C37B31 /* ApiService.swift */,
				4AEE291D2A15C05000C37B31 /* Forecast.swift */,
				4AEE291F2A15C06B00C37B31 /* DataView.swift */,
			);
			path = ApiTestMoises;
			sourceTree = "<group>";
		};
		71B49EAE2A15478E003F614D /* IPA test uli  */ = {
			isa = PBXGroup;
			children = (
				71B49EAA2A154539003F614D /* WeatherService.swift */,
				71B49EB22A155D52003F614D /* Weather APPP.swift */,
				71B49EB02A1558B6003F614D /* WeatherViewModel.swift */,
				71B49EAC2A154787003F614D /* Weather .swift */,
				710DB3C62A13E5C200188990 /* UlisesView.swift */,
			);
			path = "IPA test uli ";
			sourceTree = "<group>";
		};
/* End PBXGroup section */

/* Begin PBXNativeTarget section */
		4AB4BFCA2A13CDF60090863D /* WeatherAppInterns */ = {
			isa = PBXNativeTarget;
			buildConfigurationList = 4AB4BFD92A13CDF70090863D /* Build configuration list for PBXNativeTarget "WeatherAppInterns" */;
			buildPhases = (
				4AB4BFC72A13CDF60090863D /* Sources */,
				4AB4BFC82A13CDF60090863D /* Frameworks */,
				4AB4BFC92A13CDF60090863D /* Resources */,
			);
			buildRules = (
			);
			dependencies = (
			);
			name = WeatherAppInterns;
			productName = WeatherAppInterns;
			productReference = 4AB4BFCB2A13CDF60090863D /* WeatherAppInterns.app */;
			productType = "com.apple.product-type.application";
		};
/* End PBXNativeTarget section */

/* Begin PBXProject section */
		4AB4BFC32A13CDF60090863D /* Project object */ = {
			isa = PBXProject;
			attributes = {
				BuildIndependentTargetsInParallel = 1;
				LastSwiftUpdateCheck = 1430;
				LastUpgradeCheck = 1430;
				TargetAttributes = {
					4AB4BFCA2A13CDF60090863D = {
						CreatedOnToolsVersion = 14.3;
					};
				};
			};
			buildConfigurationList = 4AB4BFC62A13CDF60090863D /* Build configuration list for PBXProject "WeatherAppInterns" */;
			compatibilityVersion = "Xcode 14.0";
			developmentRegion = en;
			hasScannedForEncodings = 0;
			knownRegions = (
				en,
				Base,
			);
			mainGroup = 4AB4BFC22A13CDF60090863D;
			productRefGroup = 4AB4BFCC2A13CDF60090863D /* Products */;
			projectDirPath = "";
			projectRoot = "";
			targets = (
				4AB4BFCA2A13CDF60090863D /* WeatherAppInterns */,
			);
		};
/* End PBXProject section */

/* Begin PBXResourcesBuildPhase section */
		4AB4BFC92A13CDF60090863D /* Resources */ = {
			isa = PBXResourcesBuildPhase;
			buildActionMask = 2147483647;
			files = (
				4AB4BFD62A13CDF70090863D /* Preview Assets.xcassets in Resources */,
				4AB4BFD32A13CDF70090863D /* Assets.xcassets in Resources */,
			);
			runOnlyForDeploymentPostprocessing = 0;
		};
/* End PBXResourcesBuildPhase section */

/* Begin PBXSourcesBuildPhase section */
		4AB4BFC72A13CDF60090863D /* Sources */ = {
			isa = PBXSourcesBuildPhase;
			buildActionMask = 2147483647;
			files = (
				4AEE291E2A15C05000C37B31 /* Forecast.swift in Sources */,
				4AB4BFD12A13CDF60090863D /* ContentView.swift in Sources */,
				71B49EB12A1558B6003F614D /* WeatherViewModel.swift in Sources */,
				71B49EB32A155D52003F614D /* Weather APPP.swift in Sources */,
				710DB3C72A13E5C200188990 /* UlisesView.swift in Sources */,
				71B49EAB2A154539003F614D /* WeatherService.swift in Sources */,
				4AEE29202A15C06B00C37B31 /* DataView.swift in Sources */,
				4268E0602A153D8200FB403C /* TextViews.swift in Sources */,
				E63D67722A13E32000DD8852 /* GerardoView.swift in Sources */,
				71B49EAD2A154787003F614D /* Weather .swift in Sources */,
				4AC2F3D22A1401B60001130A /* WelcomeView.swift in Sources */,
				4AC2F3CC2A13E4420001130A /* MoisesView.swift in Sources */,
				4268E05E2A13E82700FB403C /* AngelView.swift in Sources */,
				4AEE291C2A15C03000C37B31 /* ApiService.swift in Sources */,
				4AB4BFCF2A13CDF60090863D /* WeatherAppInternsApp.swift in Sources */,
				4268E0622A153DAA00FB403C /* NavBarView.swift in Sources */,
				4AC2F3D62A1405F40001130A /* DeviceLocationService.swift in Sources */,
			);
			runOnlyForDeploymentPostprocessing = 0;
		};
/* End PBXSourcesBuildPhase section */

/* Begin XCBuildConfiguration section */
		4AB4BFD72A13CDF70090863D /* Debug */ = {
			isa = XCBuildConfiguration;
			buildSettings = {
				ALWAYS_SEARCH_USER_PATHS = NO;
				CLANG_ANALYZER_NONNULL = YES;
				CLANG_ANALYZER_NUMBER_OBJECT_CONVERSION = YES_AGGRESSIVE;
				CLANG_CXX_LANGUAGE_STANDARD = "gnu++20";
				CLANG_ENABLE_MODULES = YES;
				CLANG_ENABLE_OBJC_ARC = YES;
				CLANG_ENABLE_OBJC_WEAK = YES;
				CLANG_WARN_BLOCK_CAPTURE_AUTORELEASING = YES;
				CLANG_WARN_BOOL_CONVERSION = YES;
				CLANG_WARN_COMMA = YES;
				CLANG_WARN_CONSTANT_CONVERSION = YES;
				CLANG_WARN_DEPRECATED_OBJC_IMPLEMENTATIONS = YES;
				CLANG_WARN_DIRECT_OBJC_ISA_USAGE = YES_ERROR;
				CLANG_WARN_DOCUMENTATION_COMMENTS = YES;
				CLANG_WARN_EMPTY_BODY = YES;
				CLANG_WARN_ENUM_CONVERSION = YES;
				CLANG_WARN_INFINITE_RECURSION = YES;
				CLANG_WARN_INT_CONVERSION = YES;
				CLANG_WARN_NON_LITERAL_NULL_CONVERSION = YES;
				CLANG_WARN_OBJC_IMPLICIT_RETAIN_SELF = YES;
				CLANG_WARN_OBJC_LITERAL_CONVERSION = YES;
				CLANG_WARN_OBJC_ROOT_CLASS = YES_ERROR;
				CLANG_WARN_QUOTED_INCLUDE_IN_FRAMEWORK_HEADER = YES;
				CLANG_WARN_RANGE_LOOP_ANALYSIS = YES;
				CLANG_WARN_STRICT_PROTOTYPES = YES;
				CLANG_WARN_SUSPICIOUS_MOVE = YES;
				CLANG_WARN_UNGUARDED_AVAILABILITY = YES_AGGRESSIVE;
				CLANG_WARN_UNREACHABLE_CODE = YES;
				CLANG_WARN__DUPLICATE_METHOD_MATCH = YES;
				COPY_PHASE_STRIP = NO;
				DEBUG_INFORMATION_FORMAT = dwarf;
				ENABLE_STRICT_OBJC_MSGSEND = YES;
				ENABLE_TESTABILITY = YES;
				GCC_C_LANGUAGE_STANDARD = gnu11;
				GCC_DYNAMIC_NO_PIC = NO;
				GCC_NO_COMMON_BLOCKS = YES;
				GCC_OPTIMIZATION_LEVEL = 0;
				GCC_PREPROCESSOR_DEFINITIONS = (
					"DEBUG=1",
					"$(inherited)",
				);
				GCC_WARN_64_TO_32_BIT_CONVERSION = YES;
				GCC_WARN_ABOUT_RETURN_TYPE = YES_ERROR;
				GCC_WARN_UNDECLARED_SELECTOR = YES;
				GCC_WARN_UNINITIALIZED_AUTOS = YES_AGGRESSIVE;
				GCC_WARN_UNUSED_FUNCTION = YES;
				GCC_WARN_UNUSED_VARIABLE = YES;
				IPHONEOS_DEPLOYMENT_TARGET = 16.4;
				MTL_ENABLE_DEBUG_INFO = INCLUDE_SOURCE;
				MTL_FAST_MATH = YES;
				ONLY_ACTIVE_ARCH = YES;
				SDKROOT = iphoneos;
				SWIFT_ACTIVE_COMPILATION_CONDITIONS = DEBUG;
				SWIFT_OPTIMIZATION_LEVEL = "-Onone";
			};
			name = Debug;
		};
		4AB4BFD82A13CDF70090863D /* Release */ = {
			isa = XCBuildConfiguration;
			buildSettings = {
				ALWAYS_SEARCH_USER_PATHS = NO;
				CLANG_ANALYZER_NONNULL = YES;
				CLANG_ANALYZER_NUMBER_OBJECT_CONVERSION = YES_AGGRESSIVE;
				CLANG_CXX_LANGUAGE_STANDARD = "gnu++20";
				CLANG_ENABLE_MODULES = YES;
				CLANG_ENABLE_OBJC_ARC = YES;
				CLANG_ENABLE_OBJC_WEAK = YES;
				CLANG_WARN_BLOCK_CAPTURE_AUTORELEASING = YES;
				CLANG_WARN_BOOL_CONVERSION = YES;
				CLANG_WARN_COMMA = YES;
				CLANG_WARN_CONSTANT_CONVERSION = YES;
				CLANG_WARN_DEPRECATED_OBJC_IMPLEMENTATIONS = YES;
				CLANG_WARN_DIRECT_OBJC_ISA_USAGE = YES_ERROR;
				CLANG_WARN_DOCUMENTATION_COMMENTS = YES;
				CLANG_WARN_EMPTY_BODY = YES;
				CLANG_WARN_ENUM_CONVERSION = YES;
				CLANG_WARN_INFINITE_RECURSION = YES;
				CLANG_WARN_INT_CONVERSION = YES;
				CLANG_WARN_NON_LITERAL_NULL_CONVERSION = YES;
				CLANG_WARN_OBJC_IMPLICIT_RETAIN_SELF = YES;
				CLANG_WARN_OBJC_LITERAL_CONVERSION = YES;
				CLANG_WARN_OBJC_ROOT_CLASS = YES_ERROR;
				CLANG_WARN_QUOTED_INCLUDE_IN_FRAMEWORK_HEADER = YES;
				CLANG_WARN_RANGE_LOOP_ANALYSIS = YES;
				CLANG_WARN_STRICT_PROTOTYPES = YES;
				CLANG_WARN_SUSPICIOUS_MOVE = YES;
				CLANG_WARN_UNGUARDED_AVAILABILITY = YES_AGGRESSIVE;
				CLANG_WARN_UNREACHABLE_CODE = YES;
				CLANG_WARN__DUPLICATE_METHOD_MATCH = YES;
				COPY_PHASE_STRIP = NO;
				DEBUG_INFORMATION_FORMAT = "dwarf-with-dsym";
				ENABLE_NS_ASSERTIONS = NO;
				ENABLE_STRICT_OBJC_MSGSEND = YES;
				GCC_C_LANGUAGE_STANDARD = gnu11;
				GCC_NO_COMMON_BLOCKS = YES;
				GCC_WARN_64_TO_32_BIT_CONVERSION = YES;
				GCC_WARN_ABOUT_RETURN_TYPE = YES_ERROR;
				GCC_WARN_UNDECLARED_SELECTOR = YES;
				GCC_WARN_UNINITIALIZED_AUTOS = YES_AGGRESSIVE;
				GCC_WARN_UNUSED_FUNCTION = YES;
				GCC_WARN_UNUSED_VARIABLE = YES;
				IPHONEOS_DEPLOYMENT_TARGET = 16.4;
				MTL_ENABLE_DEBUG_INFO = NO;
				MTL_FAST_MATH = YES;
				SDKROOT = iphoneos;
				SWIFT_COMPILATION_MODE = wholemodule;
				SWIFT_OPTIMIZATION_LEVEL = "-O";
				VALIDATE_PRODUCT = YES;
			};
			name = Release;
		};
		4AB4BFDA2A13CDF70090863D /* Debug */ = {
			isa = XCBuildConfiguration;
			buildSettings = {
				ASSETCATALOG_COMPILER_APPICON_NAME = AppIcon;
				ASSETCATALOG_COMPILER_GLOBAL_ACCENT_COLOR_NAME = AccentColor;
				CODE_SIGN_STYLE = Automatic;
				CURRENT_PROJECT_VERSION = 1;
				DEVELOPMENT_ASSET_PATHS = "\"WeatherAppInterns/Preview Content\"";
				ENABLE_PREVIEWS = YES;
				GENERATE_INFOPLIST_FILE = YES;
				INFOPLIST_FILE = WeatherAppInterns/Info.plist;
				INFOPLIST_KEY_LSApplicationCategoryType = "";
				INFOPLIST_KEY_NSLocationWhenInUseUsageDescription = "Please give your Location Information";
				INFOPLIST_KEY_UIApplicationSceneManifest_Generation = YES;
				INFOPLIST_KEY_UIApplicationSupportsIndirectInputEvents = YES;
				INFOPLIST_KEY_UILaunchScreen_Generation = YES;
				INFOPLIST_KEY_UISupportedInterfaceOrientations_iPad = "UIInterfaceOrientationPortrait UIInterfaceOrientationPortraitUpsideDown UIInterfaceOrientationLandscapeLeft UIInterfaceOrientationLandscapeRight";
				INFOPLIST_KEY_UISupportedInterfaceOrientations_iPhone = "UIInterfaceOrientationPortrait UIInterfaceOrientationLandscapeLeft UIInterfaceOrientationLandscapeRight";
				LD_RUNPATH_SEARCH_PATHS = (
					"$(inherited)",
					"@executable_path/Frameworks",
				);
				MARKETING_VERSION = 1.0;
				PRODUCT_BUNDLE_IDENTIFIER = com.moises.WeatherAppInterns;
				PRODUCT_NAME = "$(TARGET_NAME)";
				SWIFT_EMIT_LOC_STRINGS = YES;
				SWIFT_VERSION = 5.0;
				TARGETED_DEVICE_FAMILY = "1,2";
			};
			name = Debug;
		};
		4AB4BFDB2A13CDF70090863D /* Release */ = {
			isa = XCBuildConfiguration;
			buildSettings = {
				ASSETCATALOG_COMPILER_APPICON_NAME = AppIcon;
				ASSETCATALOG_COMPILER_GLOBAL_ACCENT_COLOR_NAME = AccentColor;
				CODE_SIGN_STYLE = Automatic;
				CURRENT_PROJECT_VERSION = 1;
				DEVELOPMENT_ASSET_PATHS = "\"WeatherAppInterns/Preview Content\"";
				ENABLE_PREVIEWS = YES;
				GENERATE_INFOPLIST_FILE = YES;
				INFOPLIST_FILE = WeatherAppInterns/Info.plist;
				INFOPLIST_KEY_LSApplicationCategoryType = "";
				INFOPLIST_KEY_NSLocationWhenInUseUsageDescription = "Please give your Location Information";
				INFOPLIST_KEY_UIApplicationSceneManifest_Generation = YES;
				INFOPLIST_KEY_UIApplicationSupportsIndirectInputEvents = YES;
				INFOPLIST_KEY_UILaunchScreen_Generation = YES;
				INFOPLIST_KEY_UISupportedInterfaceOrientations_iPad = "UIInterfaceOrientationPortrait UIInterfaceOrientationPortraitUpsideDown UIInterfaceOrientationLandscapeLeft UIInterfaceOrientationLandscapeRight";
				INFOPLIST_KEY_UISupportedInterfaceOrientations_iPhone = "UIInterfaceOrientationPortrait UIInterfaceOrientationLandscapeLeft UIInterfaceOrientationLandscapeRight";
				LD_RUNPATH_SEARCH_PATHS = (
					"$(inherited)",
					"@executable_path/Frameworks",
				);
				MARKETING_VERSION = 1.0;
				PRODUCT_BUNDLE_IDENTIFIER = com.moises.WeatherAppInterns;
				PRODUCT_NAME = "$(TARGET_NAME)";
				SWIFT_EMIT_LOC_STRINGS = YES;
				SWIFT_VERSION = 5.0;
				TARGETED_DEVICE_FAMILY = "1,2";
			};
			name = Release;
		};
/* End XCBuildConfiguration section */

/* Begin XCConfigurationList section */
		4AB4BFC62A13CDF60090863D /* Build configuration list for PBXProject "WeatherAppInterns" */ = {
			isa = XCConfigurationList;
			buildConfigurations = (
				4AB4BFD72A13CDF70090863D /* Debug */,
				4AB4BFD82A13CDF70090863D /* Release */,
			);
			defaultConfigurationIsVisible = 0;
			defaultConfigurationName = Release;
		};
		4AB4BFD92A13CDF70090863D /* Build configuration list for PBXNativeTarget "WeatherAppInterns" */ = {
			isa = XCConfigurationList;
			buildConfigurations = (
				4AB4BFDA2A13CDF70090863D /* Debug */,
				4AB4BFDB2A13CDF70090863D /* Release */,
			);
			defaultConfigurationIsVisible = 0;
			defaultConfigurationName = Release;
		};
/* End XCConfigurationList section */
	};
	rootObject = 4AB4BFC32A13CDF60090863D /* Project object */;
}
