// !$*UTF8*$!
{
	archiveVersion = 1;
	classes = {
	};
	objectVersion = 56;
	objects = {

/* Begin PBXBuildFile section */
		4268E05E2A13E82700FB403C /* AngelView.swift in Sources */ = {isa = PBXBuildFile; fileRef = 4268E05D2A13E82700FB403C /* AngelView.swift */; };
		4268E0602A153D8200FB403C /* TextViews.swift in Sources */ = {isa = PBXBuildFile; fileRef = 4268E05F2A153D8200FB403C /* TextViews.swift */; };
		4268E0622A153DAA00FB403C /* NavBarView.swift in Sources */ = {isa = PBXBuildFile; fileRef = 4268E0612A153DAA00FB403C /* NavBarView.swift */; };
		4268E06C2A1D43B600FB403C /* DetailsView.swift in Sources */ = {isa = PBXBuildFile; fileRef = 4268E06B2A1D43B600FB403C /* DetailsView.swift */; };
		42B5E9782A1EEEBE00EE653B /* BackgroundView.swift in Sources */ = {isa = PBXBuildFile; fileRef = 42B5E9772A1EEEBE00EE653B /* BackgroundView.swift */; };
		4A24E0152A26D2E70038A92A /* AddCities.swift in Sources */ = {isa = PBXBuildFile; fileRef = 4A24E0142A26D2E70038A92A /* AddCities.swift */; };
		4A24E0172A26D8930038A92A /* CityView.swift in Sources */ = {isa = PBXBuildFile; fileRef = 4A24E0162A26D8930038A92A /* CityView.swift */; };
		4A31CD362A2661CD008DDD8C /* AirQualityExtraInfo.swift in Sources */ = {isa = PBXBuildFile; fileRef = 4A31CD352A2661CD008DDD8C /* AirQualityExtraInfo.swift */; };
		4A31CD382A2663B7008DDD8C /* MapView.swift in Sources */ = {isa = PBXBuildFile; fileRef = 4A31CD372A2663B7008DDD8C /* MapView.swift */; };
		4A3B1C102A170A030099E242 /* DemoView.swift in Sources */ = {isa = PBXBuildFile; fileRef = 4A3B1C0F2A170A030099E242 /* DemoView.swift */; };
		4A5ABB2F2A1D408B009BB13C /* DailyForecastListViewModel.swift in Sources */ = {isa = PBXBuildFile; fileRef = 4A5ABB2E2A1D408B009BB13C /* DailyForecastListViewModel.swift */; };
		4A5ABB312A1D40A0009BB13C /* DailyForecastViewModel.swift in Sources */ = {isa = PBXBuildFile; fileRef = 4A5ABB302A1D40A0009BB13C /* DailyForecastViewModel.swift */; };
		4A5ABB332A1D40B4009BB13C /* DailyForecast.swift in Sources */ = {isa = PBXBuildFile; fileRef = 4A5ABB322A1D40B4009BB13C /* DailyForecast.swift */; };
		4A5ABB352A1D41DA009BB13C /* DemoView2.swift in Sources */ = {isa = PBXBuildFile; fileRef = 4A5ABB342A1D41DA009BB13C /* DemoView2.swift */; };
		4A71016D2A1E8CE900E56F0A /* AirPollution.swift in Sources */ = {isa = PBXBuildFile; fileRef = 4A71016C2A1E8CE900E56F0A /* AirPollution.swift */; };
		4A71016F2A1E8D0300E56F0A /* AirPollutionListViewModel.swift in Sources */ = {isa = PBXBuildFile; fileRef = 4A71016E2A1E8D0300E56F0A /* AirPollutionListViewModel.swift */; };
		4A7101712A1E8D2E00E56F0A /* AirPollutionViewModel.swift in Sources */ = {isa = PBXBuildFile; fileRef = 4A7101702A1E8D2E00E56F0A /* AirPollutionViewModel.swift */; };
		4A9080822A251947005A4535 /* DemoView3.swift in Sources */ = {isa = PBXBuildFile; fileRef = 4A9080812A251947005A4535 /* DemoView3.swift */; };
		4AB4BFCF2A13CDF60090863D /* WeatherAppInternsApp.swift in Sources */ = {isa = PBXBuildFile; fileRef = 4AB4BFCE2A13CDF60090863D /* WeatherAppInternsApp.swift */; };
		4AB4BFD12A13CDF60090863D /* ContentView.swift in Sources */ = {isa = PBXBuildFile; fileRef = 4AB4BFD02A13CDF60090863D /* ContentView.swift */; };
		4AB4BFD32A13CDF70090863D /* Assets.xcassets in Resources */ = {isa = PBXBuildFile; fileRef = 4AB4BFD22A13CDF70090863D /* Assets.xcassets */; };
		4AB4BFD62A13CDF70090863D /* Preview Assets.xcassets in Resources */ = {isa = PBXBuildFile; fileRef = 4AB4BFD52A13CDF70090863D /* Preview Assets.xcassets */; };
		4AC2F3CC2A13E4420001130A /* MoisesView.swift in Sources */ = {isa = PBXBuildFile; fileRef = 4AC2F3CB2A13E4420001130A /* MoisesView.swift */; };
		4AC2F3D62A1405F40001130A /* DeviceLocationService.swift in Sources */ = {isa = PBXBuildFile; fileRef = 4AC2F3D52A1405F40001130A /* DeviceLocationService.swift */; };
		4AE221242A1C4FCF00BA42D9 /* ForecastViewModel.swift in Sources */ = {isa = PBXBuildFile; fileRef = 4AE221232A1C4FCF00BA42D9 /* ForecastViewModel.swift */; };
		4AE221262A1C525200BA42D9 /* ForecastListViewModel.swift in Sources */ = {isa = PBXBuildFile; fileRef = 4AE221252A1C525200BA42D9 /* ForecastListViewModel.swift */; };
		4AE221282A1C767A00BA42D9 /* CityViewModel.swift in Sources */ = {isa = PBXBuildFile; fileRef = 4AE221272A1C767A00BA42D9 /* CityViewModel.swift */; };
		4AEE291C2A15C03000C37B31 /* ApiService.swift in Sources */ = {isa = PBXBuildFile; fileRef = 4AEE291B2A15C03000C37B31 /* ApiService.swift */; };
		4AEE291E2A15C05000C37B31 /* Forecast.swift in Sources */ = {isa = PBXBuildFile; fileRef = 4AEE291D2A15C05000C37B31 /* Forecast.swift */; };
		4AEE29202A15C06B00C37B31 /* DataView.swift in Sources */ = {isa = PBXBuildFile; fileRef = 4AEE291F2A15C06B00C37B31 /* DataView.swift */; };
		7114EB7B2A2006BE00F6F684 /* WidgetKit.framework in Frameworks */ = {isa = PBXBuildFile; fileRef = 7114EB7A2A2006BE00F6F684 /* WidgetKit.framework */; };
		7114EB7D2A2006BE00F6F684 /* SwiftUI.framework in Frameworks */ = {isa = PBXBuildFile; fileRef = 7114EB7C2A2006BE00F6F684 /* SwiftUI.framework */; };
		7114EB802A2006BE00F6F684 /* WeatherWidgetBundle.swift in Sources */ = {isa = PBXBuildFile; fileRef = 7114EB7F2A2006BE00F6F684 /* WeatherWidgetBundle.swift */; };
		7114EB822A2006BE00F6F684 /* WeatherWidgetLiveActivity.swift in Sources */ = {isa = PBXBuildFile; fileRef = 7114EB812A2006BE00F6F684 /* WeatherWidgetLiveActivity.swift */; };
		7114EB842A2006BE00F6F684 /* WeatherWidget.swift in Sources */ = {isa = PBXBuildFile; fileRef = 7114EB832A2006BE00F6F684 /* WeatherWidget.swift */; };
		7114EB872A2006C000F6F684 /* Assets.xcassets in Resources */ = {isa = PBXBuildFile; fileRef = 7114EB862A2006C000F6F684 /* Assets.xcassets */; };
		7114EB892A2006C000F6F684 /* WeatherWidget.intentdefinition in Sources */ = {isa = PBXBuildFile; fileRef = 7114EB852A2006BE00F6F684 /* WeatherWidget.intentdefinition */; };
		7114EB8A2A2006C000F6F684 /* WeatherWidget.intentdefinition in Sources */ = {isa = PBXBuildFile; fileRef = 7114EB852A2006BE00F6F684 /* WeatherWidget.intentdefinition */; };
		7114EB8D2A2006C000F6F684 /* WeatherWidgetExtension.appex in Embed Foundation Extensions */ = {isa = PBXBuildFile; fileRef = 7114EB782A2006BE00F6F684 /* WeatherWidgetExtension.appex */; settings = {ATTRIBUTES = (RemoveHeadersOnCopy, ); }; };
		7114EB982A2009C600F6F684 /* SootyCloudy.mp4 in Resources */ = {isa = PBXBuildFile; fileRef = 7114EB932A2009C600F6F684 /* SootyCloudy.mp4 */; };
		7114EB992A2009C600F6F684 /* SootyCloudy.mp4 in Resources */ = {isa = PBXBuildFile; fileRef = 7114EB932A2009C600F6F684 /* SootyCloudy.mp4 */; };
		7114EB9A2A2009C600F6F684 /* MostlySunny.mp4 in Resources */ = {isa = PBXBuildFile; fileRef = 7114EB942A2009C600F6F684 /* MostlySunny.mp4 */; };
		7114EB9B2A2009C600F6F684 /* MostlySunny.mp4 in Resources */ = {isa = PBXBuildFile; fileRef = 7114EB942A2009C600F6F684 /* MostlySunny.mp4 */; };
		7170F7A12A2591B00091B47C /* WidgetTextViews.swift in Sources */ = {isa = PBXBuildFile; fileRef = 7170F7A02A2591B00091B47C /* WidgetTextViews.swift */; };
		E61535DD2A1D110A0063BC53 /* PrecipitationExtraInfo.swift in Sources */ = {isa = PBXBuildFile; fileRef = E61535DC2A1D110A0063BC53 /* PrecipitationExtraInfo.swift */; };
		E61535E12A1E74990063BC53 /* UvIndexExtraInfo.swift in Sources */ = {isa = PBXBuildFile; fileRef = E61535E02A1E74990063BC53 /* UvIndexExtraInfo.swift */; };
		E61535E32A1E74BA0063BC53 /* WindExtraInfo.swift in Sources */ = {isa = PBXBuildFile; fileRef = E61535E22A1E74BA0063BC53 /* WindExtraInfo.swift */; };
		E61535E52A1E74CA0063BC53 /* FeelsLikeExtraInfo.swift in Sources */ = {isa = PBXBuildFile; fileRef = E61535E42A1E74CA0063BC53 /* FeelsLikeExtraInfo.swift */; };
		E61535E72A1E74D90063BC53 /* HumidityExtraInfo.swift in Sources */ = {isa = PBXBuildFile; fileRef = E61535E62A1E74D90063BC53 /* HumidityExtraInfo.swift */; };
		E61535E92A1E74E60063BC53 /* VisibilityExtraInfo.swift in Sources */ = {isa = PBXBuildFile; fileRef = E61535E82A1E74E60063BC53 /* VisibilityExtraInfo.swift */; };
		E61535EB2A1E74FA0063BC53 /* PressureExtraInfo.swift in Sources */ = {isa = PBXBuildFile; fileRef = E61535EA2A1E74FA0063BC53 /* PressureExtraInfo.swift */; };
		E61535EE2A1E78EF0063BC53 /* AboutConstants.swift in Sources */ = {isa = PBXBuildFile; fileRef = E61535ED2A1E78EF0063BC53 /* AboutConstants.swift */; };
		E63D67722A13E32000DD8852 /* GerardoView.swift in Sources */ = {isa = PBXBuildFile; fileRef = E63D67712A13E32000DD8852 /* GerardoView.swift */; };
		E63D67782A16AECE00DD8852 /* ButtonsView.swift in Sources */ = {isa = PBXBuildFile; fileRef = E63D67772A16AECE00DD8852 /* ButtonsView.swift */; };
		E6851FED2A27B071009F318B /* SheetView.swift in Sources */ = {isa = PBXBuildFile; fileRef = E6851FEC2A27B071009F318B /* SheetView.swift */; };
		E69E0DE52A2024D600F434E9 /* SootyCloudy.mp4 in Resources */ = {isa = PBXBuildFile; fileRef = E69E0DE42A2024D600F434E9 /* SootyCloudy.mp4 */; };
		E6E1A3742A25489700B1AF09 /* showingSheets.swift in Sources */ = {isa = PBXBuildFile; fileRef = E6E1A3732A25489700B1AF09 /* showingSheets.swift */; };
		E6E1A37A2A2653D400B1AF09 /* ExtraInfo.swift in Sources */ = {isa = PBXBuildFile; fileRef = E6E1A3792A2653D400B1AF09 /* ExtraInfo.swift */; };
/* End PBXBuildFile section */

/* Begin PBXContainerItemProxy section */
		7114EB8B2A2006C000F6F684 /* PBXContainerItemProxy */ = {
			isa = PBXContainerItemProxy;
			containerPortal = 4AB4BFC32A13CDF60090863D /* Project object */;
			proxyType = 1;
			remoteGlobalIDString = 7114EB772A2006BE00F6F684;
			remoteInfo = WeatherWidgetExtension;
		};
/* End PBXContainerItemProxy section */

/* Begin PBXCopyFilesBuildPhase section */
		7114EB8E2A2006C000F6F684 /* Embed Foundation Extensions */ = {
			isa = PBXCopyFilesBuildPhase;
			buildActionMask = 2147483647;
			dstPath = "";
			dstSubfolderSpec = 13;
			files = (
				7114EB8D2A2006C000F6F684 /* WeatherWidgetExtension.appex in Embed Foundation Extensions */,
			);
			name = "Embed Foundation Extensions";
			runOnlyForDeploymentPostprocessing = 0;
		};
/* End PBXCopyFilesBuildPhase section */

/* Begin PBXFileReference section */
		4268E05D2A13E82700FB403C /* AngelView.swift */ = {isa = PBXFileReference; lastKnownFileType = sourcecode.swift; path = AngelView.swift; sourceTree = "<group>"; };
		4268E05F2A153D8200FB403C /* TextViews.swift */ = {isa = PBXFileReference; lastKnownFileType = sourcecode.swift; path = TextViews.swift; sourceTree = "<group>"; };
		4268E0612A153DAA00FB403C /* NavBarView.swift */ = {isa = PBXFileReference; lastKnownFileType = sourcecode.swift; path = NavBarView.swift; sourceTree = "<group>"; };
		4268E06B2A1D43B600FB403C /* DetailsView.swift */ = {isa = PBXFileReference; lastKnownFileType = sourcecode.swift; path = DetailsView.swift; sourceTree = "<group>"; };
		42B5E9772A1EEEBE00EE653B /* BackgroundView.swift */ = {isa = PBXFileReference; lastKnownFileType = sourcecode.swift; path = BackgroundView.swift; sourceTree = "<group>"; };
		4A24E0142A26D2E70038A92A /* AddCities.swift */ = {isa = PBXFileReference; lastKnownFileType = sourcecode.swift; path = AddCities.swift; sourceTree = "<group>"; };
		4A24E0162A26D8930038A92A /* CityView.swift */ = {isa = PBXFileReference; lastKnownFileType = sourcecode.swift; path = CityView.swift; sourceTree = "<group>"; };
		4A31CD352A2661CD008DDD8C /* AirQualityExtraInfo.swift */ = {isa = PBXFileReference; lastKnownFileType = sourcecode.swift; path = AirQualityExtraInfo.swift; sourceTree = "<group>"; };
		4A31CD372A2663B7008DDD8C /* MapView.swift */ = {isa = PBXFileReference; lastKnownFileType = sourcecode.swift; path = MapView.swift; sourceTree = "<group>"; };
		4A3B1C0F2A170A030099E242 /* DemoView.swift */ = {isa = PBXFileReference; lastKnownFileType = sourcecode.swift; path = DemoView.swift; sourceTree = "<group>"; };
		4A5ABB2E2A1D408B009BB13C /* DailyForecastListViewModel.swift */ = {isa = PBXFileReference; lastKnownFileType = sourcecode.swift; path = DailyForecastListViewModel.swift; sourceTree = "<group>"; };
		4A5ABB302A1D40A0009BB13C /* DailyForecastViewModel.swift */ = {isa = PBXFileReference; lastKnownFileType = sourcecode.swift; path = DailyForecastViewModel.swift; sourceTree = "<group>"; };
		4A5ABB322A1D40B4009BB13C /* DailyForecast.swift */ = {isa = PBXFileReference; lastKnownFileType = sourcecode.swift; path = DailyForecast.swift; sourceTree = "<group>"; };
		4A5ABB342A1D41DA009BB13C /* DemoView2.swift */ = {isa = PBXFileReference; lastKnownFileType = sourcecode.swift; path = DemoView2.swift; sourceTree = "<group>"; };
		4A71016C2A1E8CE900E56F0A /* AirPollution.swift */ = {isa = PBXFileReference; lastKnownFileType = sourcecode.swift; path = AirPollution.swift; sourceTree = "<group>"; };
		4A71016E2A1E8D0300E56F0A /* AirPollutionListViewModel.swift */ = {isa = PBXFileReference; lastKnownFileType = sourcecode.swift; path = AirPollutionListViewModel.swift; sourceTree = "<group>"; };
		4A7101702A1E8D2E00E56F0A /* AirPollutionViewModel.swift */ = {isa = PBXFileReference; lastKnownFileType = sourcecode.swift; path = AirPollutionViewModel.swift; sourceTree = "<group>"; };
		4A9080812A251947005A4535 /* DemoView3.swift */ = {isa = PBXFileReference; lastKnownFileType = sourcecode.swift; path = DemoView3.swift; sourceTree = "<group>"; };
		4AB4BFCB2A13CDF60090863D /* WeatherAppInterns.app */ = {isa = PBXFileReference; explicitFileType = wrapper.application; includeInIndex = 0; path = WeatherAppInterns.app; sourceTree = BUILT_PRODUCTS_DIR; };
		4AB4BFCE2A13CDF60090863D /* WeatherAppInternsApp.swift */ = {isa = PBXFileReference; lastKnownFileType = sourcecode.swift; path = WeatherAppInternsApp.swift; sourceTree = "<group>"; };
		4AB4BFD02A13CDF60090863D /* ContentView.swift */ = {isa = PBXFileReference; lastKnownFileType = sourcecode.swift; path = ContentView.swift; sourceTree = "<group>"; };
		4AB4BFD22A13CDF70090863D /* Assets.xcassets */ = {isa = PBXFileReference; lastKnownFileType = folder.assetcatalog; path = Assets.xcassets; sourceTree = "<group>"; };
		4AB4BFD52A13CDF70090863D /* Preview Assets.xcassets */ = {isa = PBXFileReference; lastKnownFileType = folder.assetcatalog; path = "Preview Assets.xcassets"; sourceTree = "<group>"; };
		4AC2F3CB2A13E4420001130A /* MoisesView.swift */ = {isa = PBXFileReference; lastKnownFileType = sourcecode.swift; path = MoisesView.swift; sourceTree = "<group>"; };
		4AC2F3D52A1405F40001130A /* DeviceLocationService.swift */ = {isa = PBXFileReference; lastKnownFileType = sourcecode.swift; path = DeviceLocationService.swift; sourceTree = "<group>"; };
		4AE221232A1C4FCF00BA42D9 /* ForecastViewModel.swift */ = {isa = PBXFileReference; lastKnownFileType = sourcecode.swift; path = ForecastViewModel.swift; sourceTree = "<group>"; };
		4AE221252A1C525200BA42D9 /* ForecastListViewModel.swift */ = {isa = PBXFileReference; lastKnownFileType = sourcecode.swift; path = ForecastListViewModel.swift; sourceTree = "<group>"; };
		4AE221272A1C767A00BA42D9 /* CityViewModel.swift */ = {isa = PBXFileReference; lastKnownFileType = sourcecode.swift; path = CityViewModel.swift; sourceTree = "<group>"; };
		4AEE291B2A15C03000C37B31 /* ApiService.swift */ = {isa = PBXFileReference; lastKnownFileType = sourcecode.swift; path = ApiService.swift; sourceTree = "<group>"; };
		4AEE291D2A15C05000C37B31 /* Forecast.swift */ = {isa = PBXFileReference; lastKnownFileType = sourcecode.swift; path = Forecast.swift; sourceTree = "<group>"; };
		4AEE291F2A15C06B00C37B31 /* DataView.swift */ = {isa = PBXFileReference; lastKnownFileType = sourcecode.swift; path = DataView.swift; sourceTree = "<group>"; };
		7114EB782A2006BE00F6F684 /* WeatherWidgetExtension.appex */ = {isa = PBXFileReference; explicitFileType = "wrapper.app-extension"; includeInIndex = 0; path = WeatherWidgetExtension.appex; sourceTree = BUILT_PRODUCTS_DIR; };
		7114EB7A2A2006BE00F6F684 /* WidgetKit.framework */ = {isa = PBXFileReference; lastKnownFileType = wrapper.framework; name = WidgetKit.framework; path = System/Library/Frameworks/WidgetKit.framework; sourceTree = SDKROOT; };
		7114EB7C2A2006BE00F6F684 /* SwiftUI.framework */ = {isa = PBXFileReference; lastKnownFileType = wrapper.framework; name = SwiftUI.framework; path = System/Library/Frameworks/SwiftUI.framework; sourceTree = SDKROOT; };
		7114EB7F2A2006BE00F6F684 /* WeatherWidgetBundle.swift */ = {isa = PBXFileReference; lastKnownFileType = sourcecode.swift; path = WeatherWidgetBundle.swift; sourceTree = "<group>"; };
		7114EB812A2006BE00F6F684 /* WeatherWidgetLiveActivity.swift */ = {isa = PBXFileReference; lastKnownFileType = sourcecode.swift; path = WeatherWidgetLiveActivity.swift; sourceTree = "<group>"; };
		7114EB832A2006BE00F6F684 /* WeatherWidget.swift */ = {isa = PBXFileReference; lastKnownFileType = sourcecode.swift; path = WeatherWidget.swift; sourceTree = "<group>"; };
		7114EB852A2006BE00F6F684 /* WeatherWidget.intentdefinition */ = {isa = PBXFileReference; lastKnownFileType = file.intentdefinition; path = WeatherWidget.intentdefinition; sourceTree = "<group>"; };
		7114EB862A2006C000F6F684 /* Assets.xcassets */ = {isa = PBXFileReference; lastKnownFileType = folder.assetcatalog; path = Assets.xcassets; sourceTree = "<group>"; };
		7114EB882A2006C000F6F684 /* Info.plist */ = {isa = PBXFileReference; lastKnownFileType = text.plist.xml; path = Info.plist; sourceTree = "<group>"; };
		7114EB932A2009C600F6F684 /* SootyCloudy.mp4 */ = {isa = PBXFileReference; lastKnownFileType = file; path = SootyCloudy.mp4; sourceTree = "<group>"; };
		7114EB942A2009C600F6F684 /* MostlySunny.mp4 */ = {isa = PBXFileReference; lastKnownFileType = file; path = MostlySunny.mp4; sourceTree = "<group>"; };
		7170F7A02A2591B00091B47C /* WidgetTextViews.swift */ = {isa = PBXFileReference; lastKnownFileType = sourcecode.swift; path = WidgetTextViews.swift; sourceTree = "<group>"; };
		71B49EAF2A155001003F614D /* Info.plist */ = {isa = PBXFileReference; lastKnownFileType = text.plist; path = Info.plist; sourceTree = "<group>"; };
		E61535DC2A1D110A0063BC53 /* PrecipitationExtraInfo.swift */ = {isa = PBXFileReference; lastKnownFileType = sourcecode.swift; path = PrecipitationExtraInfo.swift; sourceTree = "<group>"; };
		E61535E02A1E74990063BC53 /* UvIndexExtraInfo.swift */ = {isa = PBXFileReference; lastKnownFileType = sourcecode.swift; path = UvIndexExtraInfo.swift; sourceTree = "<group>"; };
		E61535E22A1E74BA0063BC53 /* WindExtraInfo.swift */ = {isa = PBXFileReference; lastKnownFileType = sourcecode.swift; path = WindExtraInfo.swift; sourceTree = "<group>"; };
		E61535E42A1E74CA0063BC53 /* FeelsLikeExtraInfo.swift */ = {isa = PBXFileReference; lastKnownFileType = sourcecode.swift; path = FeelsLikeExtraInfo.swift; sourceTree = "<group>"; };
		E61535E62A1E74D90063BC53 /* HumidityExtraInfo.swift */ = {isa = PBXFileReference; lastKnownFileType = sourcecode.swift; path = HumidityExtraInfo.swift; sourceTree = "<group>"; };
		E61535E82A1E74E60063BC53 /* VisibilityExtraInfo.swift */ = {isa = PBXFileReference; lastKnownFileType = sourcecode.swift; path = VisibilityExtraInfo.swift; sourceTree = "<group>"; };
		E61535EA2A1E74FA0063BC53 /* PressureExtraInfo.swift */ = {isa = PBXFileReference; lastKnownFileType = sourcecode.swift; path = PressureExtraInfo.swift; sourceTree = "<group>"; };
		E61535ED2A1E78EF0063BC53 /* AboutConstants.swift */ = {isa = PBXFileReference; lastKnownFileType = sourcecode.swift; path = AboutConstants.swift; sourceTree = "<group>"; };
		E63D67712A13E32000DD8852 /* GerardoView.swift */ = {isa = PBXFileReference; lastKnownFileType = sourcecode.swift; path = GerardoView.swift; sourceTree = "<group>"; };
		E63D67772A16AECE00DD8852 /* ButtonsView.swift */ = {isa = PBXFileReference; lastKnownFileType = sourcecode.swift; path = ButtonsView.swift; sourceTree = "<group>"; };
		E6851FEC2A27B071009F318B /* SheetView.swift */ = {isa = PBXFileReference; lastKnownFileType = sourcecode.swift; path = SheetView.swift; sourceTree = "<group>"; };
		E69E0DE42A2024D600F434E9 /* SootyCloudy.mp4 */ = {isa = PBXFileReference; lastKnownFileType = file; path = SootyCloudy.mp4; sourceTree = "<group>"; };
		E6E1A3732A25489700B1AF09 /* showingSheets.swift */ = {isa = PBXFileReference; lastKnownFileType = sourcecode.swift; path = showingSheets.swift; sourceTree = "<group>"; };
		E6E1A3792A2653D400B1AF09 /* ExtraInfo.swift */ = {isa = PBXFileReference; lastKnownFileType = sourcecode.swift; path = ExtraInfo.swift; sourceTree = "<group>"; };
/* End PBXFileReference section */

/* Begin PBXFrameworksBuildPhase section */
		4AB4BFC82A13CDF60090863D /* Frameworks */ = {
			isa = PBXFrameworksBuildPhase;
			buildActionMask = 2147483647;
			files = (
			);
			runOnlyForDeploymentPostprocessing = 0;
		};
		7114EB752A2006BE00F6F684 /* Frameworks */ = {
			isa = PBXFrameworksBuildPhase;
			buildActionMask = 2147483647;
			files = (
				7114EB7D2A2006BE00F6F684 /* SwiftUI.framework in Frameworks */,
				7114EB7B2A2006BE00F6F684 /* WidgetKit.framework in Frameworks */,
			);
			runOnlyForDeploymentPostprocessing = 0;
		};
/* End PBXFrameworksBuildPhase section */

/* Begin PBXGroup section */
		4AB4BFC22A13CDF60090863D = {
			isa = PBXGroup;
			children = (
				4AB4BFCD2A13CDF60090863D /* WeatherAppInterns */,
				7114EB7E2A2006BE00F6F684 /* WeatherWidget */,
				7114EB792A2006BE00F6F684 /* Frameworks */,
				4AB4BFCC2A13CDF60090863D /* Products */,
			);
			sourceTree = "<group>";
		};
		4AB4BFCC2A13CDF60090863D /* Products */ = {
			isa = PBXGroup;
			children = (
				4AB4BFCB2A13CDF60090863D /* WeatherAppInterns.app */,
				7114EB782A2006BE00F6F684 /* WeatherWidgetExtension.appex */,
			);
			name = Products;
			sourceTree = "<group>";
		};
		4AB4BFCD2A13CDF60090863D /* WeatherAppInterns */ = {
			isa = PBXGroup;
			children = (
				71B49EAF2A155001003F614D /* Info.plist */,
				E6E1A3782A254C7100B1AF09 /* ViewModels */,
				E61535EC2A1E78D10063BC53 /* Models */,
				4AC2F3D02A1401570001130A /* Views */,
				E61535DE2A1D1A350063BC53 /* WebServices */,
				4AB4BFCE2A13CDF60090863D /* WeatherAppInternsApp.swift */,
				4AB4BFD22A13CDF70090863D /* Assets.xcassets */,
				4AB4BFD42A13CDF70090863D /* Preview Content */,
				E6E1A3722A25434600B1AF09 /* Deprecated */,
			);
			path = WeatherAppInterns;
			sourceTree = "<group>";
		};
		4AB4BFD42A13CDF70090863D /* Preview Content */ = {
			isa = PBXGroup;
			children = (
				4AB4BFD52A13CDF70090863D /* Preview Assets.xcassets */,
				7114EB942A2009C600F6F684 /* MostlySunny.mp4 */,
				7114EB932A2009C600F6F684 /* SootyCloudy.mp4 */,
				E69E0DE42A2024D600F434E9 /* SootyCloudy.mp4 */,
			);
			path = "Preview Content";
			sourceTree = "<group>";
		};
		4AC2F3CD2A13FEB50001130A /* Managers */ = {
			isa = PBXGroup;
			children = (
				4AEE291B2A15C03000C37B31 /* ApiService.swift */,
				4AC2F3D52A1405F40001130A /* DeviceLocationService.swift */,
			);
			path = Managers;
			sourceTree = "<group>";
		};
		4AC2F3D02A1401570001130A /* Views */ = {
			isa = PBXGroup;
			children = (
				E61535DF2A1D1A700063BC53 /* ExtraInfoViews */,
				4AB4BFD02A13CDF60090863D /* ContentView.swift */,
				4268E05F2A153D8200FB403C /* TextViews.swift */,
				4268E0612A153DAA00FB403C /* NavBarView.swift */,
				E63D67772A16AECE00DD8852 /* ButtonsView.swift */,
				42B5E9772A1EEEBE00EE653B /* BackgroundView.swift */,
				4A9080812A251947005A4535 /* DemoView3.swift */,
				E6851FEC2A27B071009F318B /* SheetView.swift */,
				4A24E0142A26D2E70038A92A /* AddCities.swift */,
				4A24E0162A26D8930038A92A /* CityView.swift */,
			);
			path = Views;
			sourceTree = "<group>";
		};
		7114EB792A2006BE00F6F684 /* Frameworks */ = {
			isa = PBXGroup;
			children = (
				7114EB7A2A2006BE00F6F684 /* WidgetKit.framework */,
				7114EB7C2A2006BE00F6F684 /* SwiftUI.framework */,
			);
			name = Frameworks;
			sourceTree = "<group>";
		};
		7114EB7E2A2006BE00F6F684 /* WeatherWidget */ = {
			isa = PBXGroup;
			children = (
				7114EB7F2A2006BE00F6F684 /* WeatherWidgetBundle.swift */,
				7114EB812A2006BE00F6F684 /* WeatherWidgetLiveActivity.swift */,
				7114EB832A2006BE00F6F684 /* WeatherWidget.swift */,
				7170F7A02A2591B00091B47C /* WidgetTextViews.swift */,
				7114EB852A2006BE00F6F684 /* WeatherWidget.intentdefinition */,
				7114EB862A2006C000F6F684 /* Assets.xcassets */,
				7114EB882A2006C000F6F684 /* Info.plist */,
			);
			path = WeatherWidget;
			sourceTree = "<group>";
		};
		E61535DE2A1D1A350063BC53 /* WebServices */ = {
			isa = PBXGroup;
			children = (
				4AC2F3CD2A13FEB50001130A /* Managers */,
			);
			path = WebServices;
			sourceTree = "<group>";
		};
		E61535DF2A1D1A700063BC53 /* ExtraInfoViews */ = {
			isa = PBXGroup;
			children = (
				E61535DC2A1D110A0063BC53 /* PrecipitationExtraInfo.swift */,
				4268E06B2A1D43B600FB403C /* DetailsView.swift */,
				E61535E02A1E74990063BC53 /* UvIndexExtraInfo.swift */,
				E61535E22A1E74BA0063BC53 /* WindExtraInfo.swift */,
				E61535E42A1E74CA0063BC53 /* FeelsLikeExtraInfo.swift */,
				E61535E62A1E74D90063BC53 /* HumidityExtraInfo.swift */,
				E61535E82A1E74E60063BC53 /* VisibilityExtraInfo.swift */,
				E61535EA2A1E74FA0063BC53 /* PressureExtraInfo.swift */,
				4A31CD352A2661CD008DDD8C /* AirQualityExtraInfo.swift */,
				4A31CD372A2663B7008DDD8C /* MapView.swift */,
			);
			path = ExtraInfoViews;
			sourceTree = "<group>";
		};
		E61535EC2A1E78D10063BC53 /* Models */ = {
			isa = PBXGroup;
			children = (
				4A5ABB322A1D40B4009BB13C /* DailyForecast.swift */,
				E61535ED2A1E78EF0063BC53 /* AboutConstants.swift */,
				E6E1A3732A25489700B1AF09 /* showingSheets.swift */,
				4AEE291D2A15C05000C37B31 /* Forecast.swift */,
				4A71016C2A1E8CE900E56F0A /* AirPollution.swift */,
			);
			path = Models;
			sourceTree = "<group>";
		};
		E6E1A3722A25434600B1AF09 /* Deprecated */ = {
			isa = PBXGroup;
			children = (
				E6E1A3792A2653D400B1AF09 /* ExtraInfo.swift */,
				4268E05D2A13E82700FB403C /* AngelView.swift */,
				4A5ABB342A1D41DA009BB13C /* DemoView2.swift */,
				4AEE291F2A15C06B00C37B31 /* DataView.swift */,
				4A3B1C0F2A170A030099E242 /* DemoView.swift */,
				4AC2F3CB2A13E4420001130A /* MoisesView.swift */,
				E63D67712A13E32000DD8852 /* GerardoView.swift */,
			);
			path = Deprecated;
			sourceTree = "<group>";
		};
		E6E1A3782A254C7100B1AF09 /* ViewModels */ = {
			isa = PBXGroup;
			children = (
				4AE221232A1C4FCF00BA42D9 /* ForecastViewModel.swift */,
				4AE221252A1C525200BA42D9 /* ForecastListViewModel.swift */,
				4AE221272A1C767A00BA42D9 /* CityViewModel.swift */,
				4A5ABB2E2A1D408B009BB13C /* DailyForecastListViewModel.swift */,
				4A5ABB302A1D40A0009BB13C /* DailyForecastViewModel.swift */,
				4A71016E2A1E8D0300E56F0A /* AirPollutionListViewModel.swift */,
				4A7101702A1E8D2E00E56F0A /* AirPollutionViewModel.swift */,
			);
			path = ViewModels;
			sourceTree = "<group>";
		};
/* End PBXGroup section */

/* Begin PBXNativeTarget section */
		4AB4BFCA2A13CDF60090863D /* WeatherAppInterns */ = {
			isa = PBXNativeTarget;
			buildConfigurationList = 4AB4BFD92A13CDF70090863D /* Build configuration list for PBXNativeTarget "WeatherAppInterns" */;
			buildPhases = (
				4AB4BFC72A13CDF60090863D /* Sources */,
				4AB4BFC82A13CDF60090863D /* Frameworks */,
				4AB4BFC92A13CDF60090863D /* Resources */,
				7114EB8E2A2006C000F6F684 /* Embed Foundation Extensions */,
			);
			buildRules = (
			);
			dependencies = (
				7114EB8C2A2006C000F6F684 /* PBXTargetDependency */,
			);
			name = WeatherAppInterns;
			productName = WeatherAppInterns;
			productReference = 4AB4BFCB2A13CDF60090863D /* WeatherAppInterns.app */;
			productType = "com.apple.product-type.application";
		};
		7114EB772A2006BE00F6F684 /* WeatherWidgetExtension */ = {
			isa = PBXNativeTarget;
			buildConfigurationList = 7114EB912A2006C000F6F684 /* Build configuration list for PBXNativeTarget "WeatherWidgetExtension" */;
			buildPhases = (
				7114EB742A2006BE00F6F684 /* Sources */,
				7114EB752A2006BE00F6F684 /* Frameworks */,
				7114EB762A2006BE00F6F684 /* Resources */,
			);
			buildRules = (
			);
			dependencies = (
			);
			name = WeatherWidgetExtension;
			productName = WeatherWidgetExtension;
			productReference = 7114EB782A2006BE00F6F684 /* WeatherWidgetExtension.appex */;
			productType = "com.apple.product-type.app-extension";
		};
/* End PBXNativeTarget section */

/* Begin PBXProject section */
		4AB4BFC32A13CDF60090863D /* Project object */ = {
			isa = PBXProject;
			attributes = {
				BuildIndependentTargetsInParallel = 1;
				LastSwiftUpdateCheck = 1430;
				LastUpgradeCheck = 1430;
				TargetAttributes = {
					4AB4BFCA2A13CDF60090863D = {
						CreatedOnToolsVersion = 14.3;
					};
					7114EB772A2006BE00F6F684 = {
						CreatedOnToolsVersion = 14.3;
					};
				};
			};
			buildConfigurationList = 4AB4BFC62A13CDF60090863D /* Build configuration list for PBXProject "WeatherAppInterns" */;
			compatibilityVersion = "Xcode 14.0";
			developmentRegion = en;
			hasScannedForEncodings = 0;
			knownRegions = (
				en,
				Base,
			);
			mainGroup = 4AB4BFC22A13CDF60090863D;
			productRefGroup = 4AB4BFCC2A13CDF60090863D /* Products */;
			projectDirPath = "";
			projectRoot = "";
			targets = (
				4AB4BFCA2A13CDF60090863D /* WeatherAppInterns */,
				7114EB772A2006BE00F6F684 /* WeatherWidgetExtension */,
			);
		};
/* End PBXProject section */

/* Begin PBXResourcesBuildPhase section */
		4AB4BFC92A13CDF60090863D /* Resources */ = {
			isa = PBXResourcesBuildPhase;
			buildActionMask = 2147483647;
			files = (
				7114EB982A2009C600F6F684 /* SootyCloudy.mp4 in Resources */,
				7114EB9A2A2009C600F6F684 /* MostlySunny.mp4 in Resources */,
				4AB4BFD62A13CDF70090863D /* Preview Assets.xcassets in Resources */,
				E69E0DE52A2024D600F434E9 /* SootyCloudy.mp4 in Resources */,
				4AB4BFD32A13CDF70090863D /* Assets.xcassets in Resources */,
			);
			runOnlyForDeploymentPostprocessing = 0;
		};
		7114EB762A2006BE00F6F684 /* Resources */ = {
			isa = PBXResourcesBuildPhase;
			buildActionMask = 2147483647;
			files = (
				7114EB872A2006C000F6F684 /* Assets.xcassets in Resources */,
				7114EB992A2009C600F6F684 /* SootyCloudy.mp4 in Resources */,
				7114EB9B2A2009C600F6F684 /* MostlySunny.mp4 in Resources */,
			);
			runOnlyForDeploymentPostprocessing = 0;
		};
/* End PBXResourcesBuildPhase section */

/* Begin PBXSourcesBuildPhase section */
		4AB4BFC72A13CDF60090863D /* Sources */ = {
			isa = PBXSourcesBuildPhase;
			buildActionMask = 2147483647;
			files = (
				4AEE291E2A15C05000C37B31 /* Forecast.swift in Sources */,
				E61535E72A1E74D90063BC53 /* HumidityExtraInfo.swift in Sources */,
				4AE221282A1C767A00BA42D9 /* CityViewModel.swift in Sources */,
				4A5ABB332A1D40B4009BB13C /* DailyForecast.swift in Sources */,
				4A31CD382A2663B7008DDD8C /* MapView.swift in Sources */,
				4A7101712A1E8D2E00E56F0A /* AirPollutionViewModel.swift in Sources */,
				E6E1A3742A25489700B1AF09 /* showingSheets.swift in Sources */,
				4AB4BFD12A13CDF60090863D /* ContentView.swift in Sources */,
				4A71016D2A1E8CE900E56F0A /* AirPollution.swift in Sources */,
				4AEE29202A15C06B00C37B31 /* DataView.swift in Sources */,
				7170F7A12A2591B00091B47C /* WidgetTextViews.swift in Sources */,
				4A71016F2A1E8D0300E56F0A /* AirPollutionListViewModel.swift in Sources */,
				4A31CD362A2661CD008DDD8C /* AirQualityExtraInfo.swift in Sources */,
				4268E0602A153D8200FB403C /* TextViews.swift in Sources */,
				4AE221262A1C525200BA42D9 /* ForecastListViewModel.swift in Sources */,
				4A5ABB2F2A1D408B009BB13C /* DailyForecastListViewModel.swift in Sources */,
				E61535DD2A1D110A0063BC53 /* PrecipitationExtraInfo.swift in Sources */,
				4A9080822A251947005A4535 /* DemoView3.swift in Sources */,
				E6851FED2A27B071009F318B /* SheetView.swift in Sources */,
				E63D67782A16AECE00DD8852 /* ButtonsView.swift in Sources */,
				4A24E0172A26D8930038A92A /* CityView.swift in Sources */,
				E61535EE2A1E78EF0063BC53 /* AboutConstants.swift in Sources */,
				4A24E0152A26D2E70038A92A /* AddCities.swift in Sources */,
				4AE221242A1C4FCF00BA42D9 /* ForecastViewModel.swift in Sources */,
				E63D67722A13E32000DD8852 /* GerardoView.swift in Sources */,
				4AC2F3CC2A13E4420001130A /* MoisesView.swift in Sources */,
				E61535E12A1E74990063BC53 /* UvIndexExtraInfo.swift in Sources */,
				4A5ABB312A1D40A0009BB13C /* DailyForecastViewModel.swift in Sources */,
				4268E05E2A13E82700FB403C /* AngelView.swift in Sources */,
				E61535E32A1E74BA0063BC53 /* WindExtraInfo.swift in Sources */,
				4AEE291C2A15C03000C37B31 /* ApiService.swift in Sources */,
				E6E1A37A2A2653D400B1AF09 /* ExtraInfo.swift in Sources */,
				E61535E52A1E74CA0063BC53 /* FeelsLikeExtraInfo.swift in Sources */,
				7114EB8A2A2006C000F6F684 /* WeatherWidget.intentdefinition in Sources */,
				42B5E9782A1EEEBE00EE653B /* BackgroundView.swift in Sources */,
				4AB4BFCF2A13CDF60090863D /* WeatherAppInternsApp.swift in Sources */,
				4268E06C2A1D43B600FB403C /* DetailsView.swift in Sources */,
				4A3B1C102A170A030099E242 /* DemoView.swift in Sources */,
				E61535EB2A1E74FA0063BC53 /* PressureExtraInfo.swift in Sources */,
				4268E0622A153DAA00FB403C /* NavBarView.swift in Sources */,
				4A5ABB352A1D41DA009BB13C /* DemoView2.swift in Sources */,
				E61535E92A1E74E60063BC53 /* VisibilityExtraInfo.swift in Sources */,
				4AC2F3D62A1405F40001130A /* DeviceLocationService.swift in Sources */,
			);
			runOnlyForDeploymentPostprocessing = 0;
		};
		7114EB742A2006BE00F6F684 /* Sources */ = {
			isa = PBXSourcesBuildPhase;
			buildActionMask = 2147483647;
			files = (
				7114EB802A2006BE00F6F684 /* WeatherWidgetBundle.swift in Sources */,
				7114EB822A2006BE00F6F684 /* WeatherWidgetLiveActivity.swift in Sources */,
				7114EB842A2006BE00F6F684 /* WeatherWidget.swift in Sources */,
				7114EB892A2006C000F6F684 /* WeatherWidget.intentdefinition in Sources */,
			);
			runOnlyForDeploymentPostprocessing = 0;
		};
/* End PBXSourcesBuildPhase section */

/* Begin PBXTargetDependency section */
		7114EB8C2A2006C000F6F684 /* PBXTargetDependency */ = {
			isa = PBXTargetDependency;
			target = 7114EB772A2006BE00F6F684 /* WeatherWidgetExtension */;
			targetProxy = 7114EB8B2A2006C000F6F684 /* PBXContainerItemProxy */;
		};
/* End PBXTargetDependency section */

/* Begin XCBuildConfiguration section */
		4AB4BFD72A13CDF70090863D /* Debug */ = {
			isa = XCBuildConfiguration;
			buildSettings = {
				ALWAYS_SEARCH_USER_PATHS = NO;
				CLANG_ANALYZER_NONNULL = YES;
				CLANG_ANALYZER_NUMBER_OBJECT_CONVERSION = YES_AGGRESSIVE;
				CLANG_CXX_LANGUAGE_STANDARD = "gnu++20";
				CLANG_ENABLE_MODULES = YES;
				CLANG_ENABLE_OBJC_ARC = YES;
				CLANG_ENABLE_OBJC_WEAK = YES;
				CLANG_WARN_BLOCK_CAPTURE_AUTORELEASING = YES;
				CLANG_WARN_BOOL_CONVERSION = YES;
				CLANG_WARN_COMMA = YES;
				CLANG_WARN_CONSTANT_CONVERSION = YES;
				CLANG_WARN_DEPRECATED_OBJC_IMPLEMENTATIONS = YES;
				CLANG_WARN_DIRECT_OBJC_ISA_USAGE = YES_ERROR;
				CLANG_WARN_DOCUMENTATION_COMMENTS = YES;
				CLANG_WARN_EMPTY_BODY = YES;
				CLANG_WARN_ENUM_CONVERSION = YES;
				CLANG_WARN_INFINITE_RECURSION = YES;
				CLANG_WARN_INT_CONVERSION = YES;
				CLANG_WARN_NON_LITERAL_NULL_CONVERSION = YES;
				CLANG_WARN_OBJC_IMPLICIT_RETAIN_SELF = YES;
				CLANG_WARN_OBJC_LITERAL_CONVERSION = YES;
				CLANG_WARN_OBJC_ROOT_CLASS = YES_ERROR;
				CLANG_WARN_QUOTED_INCLUDE_IN_FRAMEWORK_HEADER = YES;
				CLANG_WARN_RANGE_LOOP_ANALYSIS = YES;
				CLANG_WARN_STRICT_PROTOTYPES = YES;
				CLANG_WARN_SUSPICIOUS_MOVE = YES;
				CLANG_WARN_UNGUARDED_AVAILABILITY = YES_AGGRESSIVE;
				CLANG_WARN_UNREACHABLE_CODE = YES;
				CLANG_WARN__DUPLICATE_METHOD_MATCH = YES;
				COPY_PHASE_STRIP = NO;
				DEBUG_INFORMATION_FORMAT = dwarf;
				ENABLE_STRICT_OBJC_MSGSEND = YES;
				ENABLE_TESTABILITY = YES;
				GCC_C_LANGUAGE_STANDARD = gnu11;
				GCC_DYNAMIC_NO_PIC = NO;
				GCC_NO_COMMON_BLOCKS = YES;
				GCC_OPTIMIZATION_LEVEL = 0;
				GCC_PREPROCESSOR_DEFINITIONS = (
					"DEBUG=1",
					"$(inherited)",
				);
				GCC_WARN_64_TO_32_BIT_CONVERSION = YES;
				GCC_WARN_ABOUT_RETURN_TYPE = YES_ERROR;
				GCC_WARN_UNDECLARED_SELECTOR = YES;
				GCC_WARN_UNINITIALIZED_AUTOS = YES_AGGRESSIVE;
				GCC_WARN_UNUSED_FUNCTION = YES;
				GCC_WARN_UNUSED_VARIABLE = YES;
				IPHONEOS_DEPLOYMENT_TARGET = 16.4;
				MTL_ENABLE_DEBUG_INFO = INCLUDE_SOURCE;
				MTL_FAST_MATH = YES;
				ONLY_ACTIVE_ARCH = YES;
				SDKROOT = iphoneos;
				SWIFT_ACTIVE_COMPILATION_CONDITIONS = DEBUG;
				SWIFT_OPTIMIZATION_LEVEL = "-Onone";
			};
			name = Debug;
		};
		4AB4BFD82A13CDF70090863D /* Release */ = {
			isa = XCBuildConfiguration;
			buildSettings = {
				ALWAYS_SEARCH_USER_PATHS = NO;
				CLANG_ANALYZER_NONNULL = YES;
				CLANG_ANALYZER_NUMBER_OBJECT_CONVERSION = YES_AGGRESSIVE;
				CLANG_CXX_LANGUAGE_STANDARD = "gnu++20";
				CLANG_ENABLE_MODULES = YES;
				CLANG_ENABLE_OBJC_ARC = YES;
				CLANG_ENABLE_OBJC_WEAK = YES;
				CLANG_WARN_BLOCK_CAPTURE_AUTORELEASING = YES;
				CLANG_WARN_BOOL_CONVERSION = YES;
				CLANG_WARN_COMMA = YES;
				CLANG_WARN_CONSTANT_CONVERSION = YES;
				CLANG_WARN_DEPRECATED_OBJC_IMPLEMENTATIONS = YES;
				CLANG_WARN_DIRECT_OBJC_ISA_USAGE = YES_ERROR;
				CLANG_WARN_DOCUMENTATION_COMMENTS = YES;
				CLANG_WARN_EMPTY_BODY = YES;
				CLANG_WARN_ENUM_CONVERSION = YES;
				CLANG_WARN_INFINITE_RECURSION = YES;
				CLANG_WARN_INT_CONVERSION = YES;
				CLANG_WARN_NON_LITERAL_NULL_CONVERSION = YES;
				CLANG_WARN_OBJC_IMPLICIT_RETAIN_SELF = YES;
				CLANG_WARN_OBJC_LITERAL_CONVERSION = YES;
				CLANG_WARN_OBJC_ROOT_CLASS = YES_ERROR;
				CLANG_WARN_QUOTED_INCLUDE_IN_FRAMEWORK_HEADER = YES;
				CLANG_WARN_RANGE_LOOP_ANALYSIS = YES;
				CLANG_WARN_STRICT_PROTOTYPES = YES;
				CLANG_WARN_SUSPICIOUS_MOVE = YES;
				CLANG_WARN_UNGUARDED_AVAILABILITY = YES_AGGRESSIVE;
				CLANG_WARN_UNREACHABLE_CODE = YES;
				CLANG_WARN__DUPLICATE_METHOD_MATCH = YES;
				COPY_PHASE_STRIP = NO;
				DEBUG_INFORMATION_FORMAT = "dwarf-with-dsym";
				ENABLE_NS_ASSERTIONS = NO;
				ENABLE_STRICT_OBJC_MSGSEND = YES;
				GCC_C_LANGUAGE_STANDARD = gnu11;
				GCC_NO_COMMON_BLOCKS = YES;
				GCC_WARN_64_TO_32_BIT_CONVERSION = YES;
				GCC_WARN_ABOUT_RETURN_TYPE = YES_ERROR;
				GCC_WARN_UNDECLARED_SELECTOR = YES;
				GCC_WARN_UNINITIALIZED_AUTOS = YES_AGGRESSIVE;
				GCC_WARN_UNUSED_FUNCTION = YES;
				GCC_WARN_UNUSED_VARIABLE = YES;
				IPHONEOS_DEPLOYMENT_TARGET = 16.4;
				MTL_ENABLE_DEBUG_INFO = NO;
				MTL_FAST_MATH = YES;
				SDKROOT = iphoneos;
				SWIFT_COMPILATION_MODE = wholemodule;
				SWIFT_OPTIMIZATION_LEVEL = "-O";
				VALIDATE_PRODUCT = YES;
			};
			name = Release;
		};
		4AB4BFDA2A13CDF70090863D /* Debug */ = {
			isa = XCBuildConfiguration;
			buildSettings = {
				ALWAYS_EMBED_SWIFT_STANDARD_LIBRARIES = YES;
				ASSETCATALOG_COMPILER_APPICON_NAME = AppIcon;
				ASSETCATALOG_COMPILER_GLOBAL_ACCENT_COLOR_NAME = AccentColor;
				CODE_SIGN_STYLE = Automatic;
				CURRENT_PROJECT_VERSION = 1;
				DEVELOPMENT_ASSET_PATHS = "\"WeatherAppInterns/Preview Content\"";
				DEVELOPMENT_TEAM = 2Y5TRE54KA;
				ENABLE_PREVIEWS = YES;
				GENERATE_INFOPLIST_FILE = YES;
				INFOPLIST_FILE = WeatherAppInterns/Info.plist;
				INFOPLIST_KEY_LSApplicationCategoryType = "";
				INFOPLIST_KEY_NSLocationWhenInUseUsageDescription = "Please give your Location Information";
				INFOPLIST_KEY_UIApplicationSceneManifest_Generation = YES;
				INFOPLIST_KEY_UIApplicationSupportsIndirectInputEvents = YES;
				INFOPLIST_KEY_UILaunchScreen_Generation = YES;
				INFOPLIST_KEY_UISupportedInterfaceOrientations_iPad = "UIInterfaceOrientationPortrait UIInterfaceOrientationPortraitUpsideDown UIInterfaceOrientationLandscapeLeft UIInterfaceOrientationLandscapeRight";
				INFOPLIST_KEY_UISupportedInterfaceOrientations_iPhone = "UIInterfaceOrientationPortrait UIInterfaceOrientationLandscapeLeft UIInterfaceOrientationLandscapeRight";
				LD_RUNPATH_SEARCH_PATHS = (
					"$(inherited)",
					"@executable_path/Frameworks",
				);
				MARKETING_VERSION = 1.0;
				PRODUCT_BUNDLE_IDENTIFIER = com.moises.WeatherAppInterns;
				PRODUCT_NAME = "$(TARGET_NAME)";
				SWIFT_EMIT_LOC_STRINGS = YES;
				SWIFT_VERSION = 5.0;
				TARGETED_DEVICE_FAMILY = "1,2";
			};
			name = Debug;
		};
		4AB4BFDB2A13CDF70090863D /* Release */ = {
			isa = XCBuildConfiguration;
			buildSettings = {
				ALWAYS_EMBED_SWIFT_STANDARD_LIBRARIES = YES;
				ASSETCATALOG_COMPILER_APPICON_NAME = AppIcon;
				ASSETCATALOG_COMPILER_GLOBAL_ACCENT_COLOR_NAME = AccentColor;
				CODE_SIGN_STYLE = Automatic;
				CURRENT_PROJECT_VERSION = 1;
				DEVELOPMENT_ASSET_PATHS = "\"WeatherAppInterns/Preview Content\"";
				DEVELOPMENT_TEAM = 2Y5TRE54KA;
				ENABLE_PREVIEWS = YES;
				GENERATE_INFOPLIST_FILE = YES;
				INFOPLIST_FILE = WeatherAppInterns/Info.plist;
				INFOPLIST_KEY_LSApplicationCategoryType = "";
				INFOPLIST_KEY_NSLocationWhenInUseUsageDescription = "Please give your Location Information";
				INFOPLIST_KEY_UIApplicationSceneManifest_Generation = YES;
				INFOPLIST_KEY_UIApplicationSupportsIndirectInputEvents = YES;
				INFOPLIST_KEY_UILaunchScreen_Generation = YES;
				INFOPLIST_KEY_UISupportedInterfaceOrientations_iPad = "UIInterfaceOrientationPortrait UIInterfaceOrientationPortraitUpsideDown UIInterfaceOrientationLandscapeLeft UIInterfaceOrientationLandscapeRight";
				INFOPLIST_KEY_UISupportedInterfaceOrientations_iPhone = "UIInterfaceOrientationPortrait UIInterfaceOrientationLandscapeLeft UIInterfaceOrientationLandscapeRight";
				LD_RUNPATH_SEARCH_PATHS = (
					"$(inherited)",
					"@executable_path/Frameworks",
				);
				MARKETING_VERSION = 1.0;
				PRODUCT_BUNDLE_IDENTIFIER = com.moises.WeatherAppInterns;
				PRODUCT_NAME = "$(TARGET_NAME)";
				SWIFT_EMIT_LOC_STRINGS = YES;
				SWIFT_VERSION = 5.0;
				TARGETED_DEVICE_FAMILY = "1,2";
			};
			name = Release;
		};
		7114EB8F2A2006C000F6F684 /* Debug */ = {
			isa = XCBuildConfiguration;
			buildSettings = {
				ASSETCATALOG_COMPILER_GLOBAL_ACCENT_COLOR_NAME = AccentColor;
				ASSETCATALOG_COMPILER_WIDGET_BACKGROUND_COLOR_NAME = WidgetBackground;
				CODE_SIGN_STYLE = Automatic;
				CURRENT_PROJECT_VERSION = 1;
				DEVELOPMENT_TEAM = 2Y5TRE54KA;
				GENERATE_INFOPLIST_FILE = YES;
				INFOPLIST_FILE = WeatherWidget/Info.plist;
				INFOPLIST_KEY_CFBundleDisplayName = WeatherWidget;
				INFOPLIST_KEY_NSHumanReadableCopyright = "";
				LD_RUNPATH_SEARCH_PATHS = (
					"$(inherited)",
					"@executable_path/Frameworks",
					"@executable_path/../../Frameworks",
				);
				MARKETING_VERSION = 1.0;
				PRODUCT_BUNDLE_IDENTIFIER = com.moises.WeatherAppInterns.WeatherWidget;
				PRODUCT_NAME = "$(TARGET_NAME)";
				SKIP_INSTALL = YES;
				SWIFT_EMIT_LOC_STRINGS = YES;
				SWIFT_VERSION = 5.0;
				TARGETED_DEVICE_FAMILY = "1,2";
			};
			name = Debug;
		};
		7114EB902A2006C000F6F684 /* Release */ = {
			isa = XCBuildConfiguration;
			buildSettings = {
				ASSETCATALOG_COMPILER_GLOBAL_ACCENT_COLOR_NAME = AccentColor;
				ASSETCATALOG_COMPILER_WIDGET_BACKGROUND_COLOR_NAME = WidgetBackground;
				CODE_SIGN_STYLE = Automatic;
				CURRENT_PROJECT_VERSION = 1;
				DEVELOPMENT_TEAM = 2Y5TRE54KA;
				GENERATE_INFOPLIST_FILE = YES;
				INFOPLIST_FILE = WeatherWidget/Info.plist;
				INFOPLIST_KEY_CFBundleDisplayName = WeatherWidget;
				INFOPLIST_KEY_NSHumanReadableCopyright = "";
				LD_RUNPATH_SEARCH_PATHS = (
					"$(inherited)",
					"@executable_path/Frameworks",
					"@executable_path/../../Frameworks",
				);
				MARKETING_VERSION = 1.0;
				PRODUCT_BUNDLE_IDENTIFIER = com.moises.WeatherAppInterns.WeatherWidget;
				PRODUCT_NAME = "$(TARGET_NAME)";
				SKIP_INSTALL = YES;
				SWIFT_EMIT_LOC_STRINGS = YES;
				SWIFT_VERSION = 5.0;
				TARGETED_DEVICE_FAMILY = "1,2";
			};
			name = Release;
		};
/* End XCBuildConfiguration section */

/* Begin XCConfigurationList section */
		4AB4BFC62A13CDF60090863D /* Build configuration list for PBXProject "WeatherAppInterns" */ = {
			isa = XCConfigurationList;
			buildConfigurations = (
				4AB4BFD72A13CDF70090863D /* Debug */,
				4AB4BFD82A13CDF70090863D /* Release */,
			);
			defaultConfigurationIsVisible = 0;
			defaultConfigurationName = Release;
		};
		4AB4BFD92A13CDF70090863D /* Build configuration list for PBXNativeTarget "WeatherAppInterns" */ = {
			isa = XCConfigurationList;
			buildConfigurations = (
				4AB4BFDA2A13CDF70090863D /* Debug */,
				4AB4BFDB2A13CDF70090863D /* Release */,
			);
			defaultConfigurationIsVisible = 0;
			defaultConfigurationName = Release;
		};
		7114EB912A2006C000F6F684 /* Build configuration list for PBXNativeTarget "WeatherWidgetExtension" */ = {
			isa = XCConfigurationList;
			buildConfigurations = (
				7114EB8F2A2006C000F6F684 /* Debug */,
				7114EB902A2006C000F6F684 /* Release */,
			);
			defaultConfigurationIsVisible = 0;
			defaultConfigurationName = Release;
		};
/* End XCConfigurationList section */
	};
	rootObject = 4AB4BFC32A13CDF60090863D /* Project object */;
}
